
Microsoft Visual Studio Solution File, Format Version 12.00
# Visual Studio Version 17
VisualStudioVersion = 17.6.33723.286
MinimumVisualStudioVersion = 10.0.40219.1
Project("{9A19103F-16F7-4668-BE54-9A1E7A4F7556}") = "B1.Mod.Template", "B1.Mod.Template.csproj", "{8518F30A-D8D5-4672-9C7E-44403F959E92}"
EndProject
Project("{9A19103F-16F7-4668-BE54-9A1E7A4F7556}") = "BlackMythMap", "B1ModTemplate\BlackMythMap.csproj", "{9230156D-52C0-4BD5-8535-1E41AF4BF78D}"
EndProject
Project("{2150E333-8FDC-42A3-9474-1A3956D46DE8}") = "Solution Items", "Solution Items", "{4B34501C-6682-4E28-92A1-A5C86512A25A}"
	ProjectSection(SolutionItems) = preProject
		B1ModTemplate\.template.config\template.json = B1ModTemplate\.template.config\template.json
	EndProjectSection
EndProject
Global
	GlobalSection(SolutionConfigurationPlatforms) = preSolution
		Debug|Any CPU = Debug|Any CPU
		Debug|x64 = Debug|x64
		Release|Any CPU = Release|Any CPU
		Release|x64 = Release|x64
	EndGlobalSection
	GlobalSection(ProjectConfigurationPlatforms) = postSolution
		{8518F30A-D8D5-4672-9C7E-44403F959E92}.Debug|Any CPU.ActiveCfg = Debug|Any CPU
		{8518F30A-D8D5-4672-9C7E-44403F959E92}.Debug|Any CPU.Build.0 = Debug|Any CPU
		{8518F30A-D8D5-4672-9C7E-44403F959E92}.Debug|x64.ActiveCfg = Debug|x64
		{8518F30A-D8D5-4672-9C7E-44403F959E92}.Debug|x64.Build.0 = Debug|x64
		{8518F30A-D8D5-4672-9C7E-44403F959E92}.Release|Any CPU.ActiveCfg = Release|Any CPU
		{8518F30A-D8D5-4672-9C7E-44403F959E92}.Release|Any CPU.Build.0 = Release|Any CPU
		{8518F30A-D8D5-4672-9C7E-44403F959E92}.Release|x64.ActiveCfg = Release|x64
		{8518F30A-D8D5-4672-9C7E-44403F959E92}.Release|x64.Build.0 = Release|x64
		{9230156D-52C0-4BD5-8535-1E41AF4BF78D}.Debug|Any CPU.ActiveCfg = Debug|Any CPU
		{9230156D-52C0-4BD5-8535-1E41AF4BF78D}.Debug|Any CPU.Build.0 = Debug|Any CPU
		{9230156D-52C0-4BD5-8535-1E41AF4BF78D}.Debug|x64.ActiveCfg = Debug|x64
		{9230156D-52C0-4BD5-8535-1E41AF4BF78D}.Debug|x64.Build.0 = Debug|x64
		{9230156D-52C0-4BD5-8535-1E41AF4BF78D}.Release|Any CPU.ActiveCfg = Release|Any CPU
		{9230156D-52C0-4BD5-8535-1E41AF4BF78D}.Release|Any CPU.Build.0 = Release|Any CPU
		{9230156D-52C0-4BD5-8535-1E41AF4BF78D}.Release|x64.ActiveCfg = Release|x64
		{9230156D-52C0-4BD5-8535-1E41AF4BF78D}.Release|x64.Build.0 = Release|x64
	EndGlobalSection
	GlobalSection(SolutionProperties) = preSolution
		HideSolutionNode = FALSE
	EndGlobalSection
	GlobalSection(ExtensibilityGlobals) = postSolution
		SolutionGuid = {4300C2A1-09D5-4BCF-BB7C-E004CF3EACF2}
	EndGlobalSection
EndGlobal
